
Microsoft Visual Studio Solution File, Format Version 12.00
# Visual Studio Version 17
VisualStudioVersion = 17.10.35013.160
MinimumVisualStudioVersion = 10.0.40219.1
Project("{FAE04EC0-301F-11D3-BF4B-00C04F79EFBC}") = "Project-06", "Project-06\Project-06.csproj", "{32A673B6-6991-4EF6-9AA2-673458737A57}"
EndProject
Global
	GlobalSection(SolutionConfigurationPlatforms) = preSolution
		Debug|Any CPU = Debug|Any CPU
		Release|Any CPU = Release|Any CPU
	EndGlobalSection
	GlobalSection(ProjectConfigurationPlatforms) = postSolution
		{32A673B6-6991-4EF6-9AA2-673458737A57}.Debug|Any CPU.ActiveCfg = Debug|Any CPU
		{32A673B6-6991-4EF6-9AA2-673458737A57}.Debug|Any CPU.Build.0 = Debug|Any CPU
		{32A673B6-6991-4EF6-9AA2-673458737A57}.Release|Any CPU.ActiveCfg = Release|Any CPU
		{32A673B6-6991-4EF6-9AA2-673458737A57}.Release|Any CPU.Build.0 = Release|Any CPU
	EndGlobalSection
	GlobalSection(SolutionProperties) = preSolution
		HideSolutionNode = FALSE
	EndGlobalSection
	GlobalSection(ExtensibilityGlobals) = postSolution
		SolutionGuid = {068DCB62-45E2-4F67-B841-FAD8312F196F}
	EndGlobalSection
EndGlobal
